
Microsoft Visual Studio Solution File, Format Version 12.00
# Visual Studio Version 17
VisualStudioVersion = 17.0.31903.59
MinimumVisualStudioVersion = 10.0.40219.1
Project("{FAE04EC0-301F-11D3-BF4B-00C04F79EFBC}") = "WNAB.API", "src\WNAB.API\WNAB.API.csproj", "{C02423C7-290B-48D2-8974-638B600668CA}"
EndProject
Project("{FAE04EC0-301F-11D3-BF4B-00C04F79EFBC}") = "WNAB.Logic", "src\WNAB.Logic\WNAB.Logic.csproj", "{B80D7325-1A99-4C86-9775-4C7FB89607D9}"
EndProject
Project("{FAE04EC0-301F-11D3-BF4B-00C04F79EFBC}") = "WNAB.Maui", "src\WNAB.Maui\WNAB.Maui.csproj", "{560F0564-72F0-4470-B555-5016C1DE19D9}"
EndProject
Project("{FAE04EC0-301F-11D3-BF4B-00C04F79EFBC}") = "WNAB.Plaid", "src\WNAB.Plaid\WNAB.Plaid.csproj", "{877ADAD5-46CC-4DFB-9D6C-47297A6DF698}"
EndProject
Project("{FAE04EC0-301F-11D3-BF4B-00C04F79EFBC}") = "WNAB.Web", "src\WNAB.Web\WNAB.Web.csproj", "{BA1268F6-AA66-45C7-876B-AB087E48E7E5}"
EndProject
Project("{FAE04EC0-301F-11D3-BF4B-00C04F79EFBC}") = "WNAB.Tests.Unit", "tests\WNAB.Tests.Unit\WNAB.Tests.Unit.csproj", "{84B6F1A4-4436-4148-9CC1-38EFBFED0B91}"
EndProject
Project("{FAE04EC0-301F-11D3-BF4B-00C04F79EFBC}") = "WNAB.AppHost", "src\WNAB.AppHost\WNAB.AppHost.csproj", "{989AF050-9C73-47C4-9277-B3F997D4A17F}"
EndProject
Project("{FAE04EC0-301F-11D3-BF4B-00C04F79EFBC}") = "WNAB.ServiceDefaults", "src\WNAB.ServiceDefaults\WNAB.ServiceDefaults.csproj", "{9C63BAC0-8D00-78C6-8B84-DB676BEC881C}"
EndProject
Project("{2150E333-8FDC-42A3-9474-1A3956D46DE8}") = "Solution Items", "Solution Items", "{8EC462FD-D22E-90A8-E5CE-7E832BA40C5D}"
	ProjectSection(SolutionItems) = preProject
		database-erd.md = database-erd.md
		README.md = README.md
	EndProjectSection
EndProject
Global
	GlobalSection(SolutionConfigurationPlatforms) = preSolution
		Debug|Any CPU = Debug|Any CPU
		Debug|x64 = Debug|x64
		Debug|x86 = Debug|x86
		Release|Any CPU = Release|Any CPU
		Release|x64 = Release|x64
		Release|x86 = Release|x86
	EndGlobalSection
	GlobalSection(ProjectConfigurationPlatforms) = postSolution
		{C02423C7-290B-48D2-8974-638B600668CA}.Debug|Any CPU.ActiveCfg = Debug|Any CPU
		{C02423C7-290B-48D2-8974-638B600668CA}.Debug|Any CPU.Build.0 = Debug|Any CPU
		{C02423C7-290B-48D2-8974-638B600668CA}.Debug|x64.ActiveCfg = Debug|Any CPU
		{C02423C7-290B-48D2-8974-638B600668CA}.Debug|x64.Build.0 = Debug|Any CPU
		{C02423C7-290B-48D2-8974-638B600668CA}.Debug|x86.ActiveCfg = Debug|Any CPU
		{C02423C7-290B-48D2-8974-638B600668CA}.Debug|x86.Build.0 = Debug|Any CPU
		{C02423C7-290B-48D2-8974-638B600668CA}.Release|Any CPU.ActiveCfg = Release|Any CPU
		{C02423C7-290B-48D2-8974-638B600668CA}.Release|Any CPU.Build.0 = Release|Any CPU
		{C02423C7-290B-48D2-8974-638B600668CA}.Release|x64.ActiveCfg = Release|Any CPU
		{C02423C7-290B-48D2-8974-638B600668CA}.Release|x64.Build.0 = Release|Any CPU
		{C02423C7-290B-48D2-8974-638B600668CA}.Release|x86.ActiveCfg = Release|Any CPU
		{C02423C7-290B-48D2-8974-638B600668CA}.Release|x86.Build.0 = Release|Any CPU
		{B80D7325-1A99-4C86-9775-4C7FB89607D9}.Debug|Any CPU.ActiveCfg = Debug|Any CPU
		{B80D7325-1A99-4C86-9775-4C7FB89607D9}.Debug|Any CPU.Build.0 = Debug|Any CPU
		{B80D7325-1A99-4C86-9775-4C7FB89607D9}.Debug|x64.ActiveCfg = Debug|Any CPU
		{B80D7325-1A99-4C86-9775-4C7FB89607D9}.Debug|x64.Build.0 = Debug|Any CPU
		{B80D7325-1A99-4C86-9775-4C7FB89607D9}.Debug|x86.ActiveCfg = Debug|Any CPU
		{B80D7325-1A99-4C86-9775-4C7FB89607D9}.Debug|x86.Build.0 = Debug|Any CPU
		{B80D7325-1A99-4C86-9775-4C7FB89607D9}.Release|Any CPU.ActiveCfg = Release|Any CPU
		{B80D7325-1A99-4C86-9775-4C7FB89607D9}.Release|Any CPU.Build.0 = Release|Any CPU
		{B80D7325-1A99-4C86-9775-4C7FB89607D9}.Release|x64.ActiveCfg = Release|Any CPU
		{B80D7325-1A99-4C86-9775-4C7FB89607D9}.Release|x64.Build.0 = Release|Any CPU
		{B80D7325-1A99-4C86-9775-4C7FB89607D9}.Release|x86.ActiveCfg = Release|Any CPU
		{B80D7325-1A99-4C86-9775-4C7FB89607D9}.Release|x86.Build.0 = Release|Any CPU
		{560F0564-72F0-4470-B555-5016C1DE19D9}.Debug|Any CPU.ActiveCfg = Debug|Any CPU
		{560F0564-72F0-4470-B555-5016C1DE19D9}.Debug|Any CPU.Build.0 = Debug|Any CPU
		{560F0564-72F0-4470-B555-5016C1DE19D9}.Debug|Any CPU.Deploy.0 = Debug|Any CPU
		{560F0564-72F0-4470-B555-5016C1DE19D9}.Debug|x64.ActiveCfg = Debug|Any CPU
		{560F0564-72F0-4470-B555-5016C1DE19D9}.Debug|x64.Build.0 = Debug|Any CPU
		{560F0564-72F0-4470-B555-5016C1DE19D9}.Debug|x86.ActiveCfg = Debug|Any CPU
		{560F0564-72F0-4470-B555-5016C1DE19D9}.Debug|x86.Build.0 = Debug|Any CPU
		{560F0564-72F0-4470-B555-5016C1DE19D9}.Release|Any CPU.ActiveCfg = Release|Any CPU
		{560F0564-72F0-4470-B555-5016C1DE19D9}.Release|Any CPU.Build.0 = Release|Any CPU
		{560F0564-72F0-4470-B555-5016C1DE19D9}.Release|x64.ActiveCfg = Release|Any CPU
		{560F0564-72F0-4470-B555-5016C1DE19D9}.Release|x64.Build.0 = Release|Any CPU
		{560F0564-72F0-4470-B555-5016C1DE19D9}.Release|x86.ActiveCfg = Release|Any CPU
		{560F0564-72F0-4470-B555-5016C1DE19D9}.Release|x86.Build.0 = Release|Any CPU
		{877ADAD5-46CC-4DFB-9D6C-47297A6DF698}.Debug|Any CPU.ActiveCfg = Debug|Any CPU
		{877ADAD5-46CC-4DFB-9D6C-47297A6DF698}.Debug|Any CPU.Build.0 = Debug|Any CPU
		{877ADAD5-46CC-4DFB-9D6C-47297A6DF698}.Debug|x64.ActiveCfg = Debug|Any CPU
		{877ADAD5-46CC-4DFB-9D6C-47297A6DF698}.Debug|x64.Build.0 = Debug|Any CPU
		{877ADAD5-46CC-4DFB-9D6C-47297A6DF698}.Debug|x86.ActiveCfg = Debug|Any CPU
		{877ADAD5-46CC-4DFB-9D6C-47297A6DF698}.Debug|x86.Build.0 = Debug|Any CPU
		{877ADAD5-46CC-4DFB-9D6C-47297A6DF698}.Release|Any CPU.ActiveCfg = Release|Any CPU
		{877ADAD5-46CC-4DFB-9D6C-47297A6DF698}.Release|Any CPU.Build.0 = Release|Any CPU
		{877ADAD5-46CC-4DFB-9D6C-47297A6DF698}.Release|x64.ActiveCfg = Release|Any CPU
		{877ADAD5-46CC-4DFB-9D6C-47297A6DF698}.Release|x64.Build.0 = Release|Any CPU
		{877ADAD5-46CC-4DFB-9D6C-47297A6DF698}.Release|x86.ActiveCfg = Release|Any CPU
		{877ADAD5-46CC-4DFB-9D6C-47297A6DF698}.Release|x86.Build.0 = Release|Any CPU
		{BA1268F6-AA66-45C7-876B-AB087E48E7E5}.Debug|Any CPU.ActiveCfg = Debug|Any CPU
		{BA1268F6-AA66-45C7-876B-AB087E48E7E5}.Debug|Any CPU.Build.0 = Debug|Any CPU
		{BA1268F6-AA66-45C7-876B-AB087E48E7E5}.Debug|x64.ActiveCfg = Debug|Any CPU
		{BA1268F6-AA66-45C7-876B-AB087E48E7E5}.Debug|x64.Build.0 = Debug|Any CPU
		{BA1268F6-AA66-45C7-876B-AB087E48E7E5}.Debug|x86.ActiveCfg = Debug|Any CPU
		{BA1268F6-AA66-45C7-876B-AB087E48E7E5}.Debug|x86.Build.0 = Debug|Any CPU
		{BA1268F6-AA66-45C7-876B-AB087E48E7E5}.Release|Any CPU.ActiveCfg = Release|Any CPU
		{BA1268F6-AA66-45C7-876B-AB087E48E7E5}.Release|Any CPU.Build.0 = Release|Any CPU
		{BA1268F6-AA66-45C7-876B-AB087E48E7E5}.Release|x64.ActiveCfg = Release|Any CPU
		{BA1268F6-AA66-45C7-876B-AB087E48E7E5}.Release|x64.Build.0 = Release|Any CPU
		{BA1268F6-AA66-45C7-876B-AB087E48E7E5}.Release|x86.ActiveCfg = Release|Any CPU
		{BA1268F6-AA66-45C7-876B-AB087E48E7E5}.Release|x86.Build.0 = Release|Any CPU
		{84B6F1A4-4436-4148-9CC1-38EFBFED0B91}.Debug|Any CPU.ActiveCfg = Debug|Any CPU
		{84B6F1A4-4436-4148-9CC1-38EFBFED0B91}.Debug|Any CPU.Build.0 = Debug|Any CPU
		{84B6F1A4-4436-4148-9CC1-38EFBFED0B91}.Debug|x64.ActiveCfg = Debug|Any CPU
		{84B6F1A4-4436-4148-9CC1-38EFBFED0B91}.Debug|x64.Build.0 = Debug|Any CPU
		{84B6F1A4-4436-4148-9CC1-38EFBFED0B91}.Debug|x86.ActiveCfg = Debug|Any CPU
		{84B6F1A4-4436-4148-9CC1-38EFBFED0B91}.Debug|x86.Build.0 = Debug|Any CPU
		{84B6F1A4-4436-4148-9CC1-38EFBFED0B91}.Release|Any CPU.ActiveCfg = Release|Any CPU
		{84B6F1A4-4436-4148-9CC1-38EFBFED0B91}.Release|Any CPU.Build.0 = Release|Any CPU
		{84B6F1A4-4436-4148-9CC1-38EFBFED0B91}.Release|x64.ActiveCfg = Release|Any CPU
		{84B6F1A4-4436-4148-9CC1-38EFBFED0B91}.Release|x64.Build.0 = Release|Any CPU
		{84B6F1A4-4436-4148-9CC1-38EFBFED0B91}.Release|x86.ActiveCfg = Release|Any CPU
		{84B6F1A4-4436-4148-9CC1-38EFBFED0B91}.Release|x86.Build.0 = Release|Any CPU
		{989AF050-9C73-47C4-9277-B3F997D4A17F}.Debug|Any CPU.ActiveCfg = Debug|Any CPU
		{989AF050-9C73-47C4-9277-B3F997D4A17F}.Debug|Any CPU.Build.0 = Debug|Any CPU
		{989AF050-9C73-47C4-9277-B3F997D4A17F}.Debug|x64.ActiveCfg = Debug|Any CPU
		{989AF050-9C73-47C4-9277-B3F997D4A17F}.Debug|x64.Build.0 = Debug|Any CPU
		{989AF050-9C73-47C4-9277-B3F997D4A17F}.Debug|x86.ActiveCfg = Debug|Any CPU
		{989AF050-9C73-47C4-9277-B3F997D4A17F}.Debug|x86.Build.0 = Debug|Any CPU
		{989AF050-9C73-47C4-9277-B3F997D4A17F}.Release|Any CPU.ActiveCfg = Release|Any CPU
		{989AF050-9C73-47C4-9277-B3F997D4A17F}.Release|Any CPU.Build.0 = Release|Any CPU
		{989AF050-9C73-47C4-9277-B3F997D4A17F}.Release|x64.ActiveCfg = Release|Any CPU
		{989AF050-9C73-47C4-9277-B3F997D4A17F}.Release|x64.Build.0 = Release|Any CPU
		{989AF050-9C73-47C4-9277-B3F997D4A17F}.Release|x86.ActiveCfg = Release|Any CPU
		{989AF050-9C73-47C4-9277-B3F997D4A17F}.Release|x86.Build.0 = Release|Any CPU
		{9C63BAC0-8D00-78C6-8B84-DB676BEC881C}.Debug|Any CPU.ActiveCfg = Debug|Any CPU
		{9C63BAC0-8D00-78C6-8B84-DB676BEC881C}.Debug|Any CPU.Build.0 = Debug|Any CPU
		{9C63BAC0-8D00-78C6-8B84-DB676BEC881C}.Debug|x64.ActiveCfg = Debug|Any CPU
		{9C63BAC0-8D00-78C6-8B84-DB676BEC881C}.Debug|x64.Build.0 = Debug|Any CPU
		{9C63BAC0-8D00-78C6-8B84-DB676BEC881C}.Debug|x86.ActiveCfg = Debug|Any CPU
		{9C63BAC0-8D00-78C6-8B84-DB676BEC881C}.Debug|x86.Build.0 = Debug|Any CPU
		{9C63BAC0-8D00-78C6-8B84-DB676BEC881C}.Release|Any CPU.ActiveCfg = Release|Any CPU
		{9C63BAC0-8D00-78C6-8B84-DB676BEC881C}.Release|Any CPU.Build.0 = Release|Any CPU
		{9C63BAC0-8D00-78C6-8B84-DB676BEC881C}.Release|x64.ActiveCfg = Release|Any CPU
		{9C63BAC0-8D00-78C6-8B84-DB676BEC881C}.Release|x64.Build.0 = Release|Any CPU
		{9C63BAC0-8D00-78C6-8B84-DB676BEC881C}.Release|x86.ActiveCfg = Release|Any CPU
		{9C63BAC0-8D00-78C6-8B84-DB676BEC881C}.Release|x86.Build.0 = Release|Any CPU
	EndGlobalSection
	GlobalSection(SolutionProperties) = preSolution
		HideSolutionNode = FALSE
	EndGlobalSection
	GlobalSection(ExtensibilityGlobals) = postSolution
		SolutionGuid = {CD177EDD-34B8-422D-A9AF-30546E681401}
	EndGlobalSection
EndGlobal
