
Microsoft Visual Studio Solution File, Format Version 12.00
# Visual Studio Version 17
VisualStudioVersion = 17.0.31903.59
MinimumVisualStudioVersion = 10.0.40219.1
Project("{2150E333-8FDC-42A3-9474-1A3956D46DE8}") = "src", "src", "{827E0CD3-B72D-47B6-A68D-7590B98EB39B}"
EndProject
Project("{FAE04EC0-301F-11D3-BF4B-00C04F79EFBC}") = "WNAB.Core", "src\WNAB.Core\WNAB.Core.csproj", "{9F841B26-8705-44BE-80FD-C09835E6FC25}"
EndProject
Project("{FAE04EC0-301F-11D3-BF4B-00C04F79EFBC}") = "WNAB.Data", "src\WNAB.Data\WNAB.Data.csproj", "{370DD3F8-3E5C-42B0-8091-C50E3C9BDB1E}"
EndProject
Project("{FAE04EC0-301F-11D3-BF4B-00C04F79EFBC}") = "WNAB.API", "src\WNAB.API\WNAB.API.csproj", "{043AA7A1-5762-4235-81A3-37AF57CFD7BD}"
EndProject
Project("{FAE04EC0-301F-11D3-BF4B-00C04F79EFBC}") = "WNAB.Web", "src\WNAB.Web\WNAB.Web.csproj", "{9D0FA00E-58D6-40FC-B28C-48AF175CC784}"
EndProject
Project("{FAE04EC0-301F-11D3-BF4B-00C04F79EFBC}") = "WNAB.Plaid", "src\WNAB.Plaid\WNAB.Plaid.csproj", "{5ECE8227-2EAB-4EE1-8507-6A59F8B06F36}"
EndProject
Project("{FAE04EC0-301F-11D3-BF4B-00C04F79EFBC}") = "WNAB.AppHost", "src\WNAB.AppHost\WNAB.AppHost.csproj", "{FD2FD061-51FD-4045-9770-D8036334B230}"
EndProject
Project("{FAE04EC0-301F-11D3-BF4B-00C04F79EFBC}") = "WNAB.ServiceDefaults", "src\WNAB.ServiceDefaults\WNAB.ServiceDefaults.csproj", "{2D7E05C2-6515-425B-8484-EBBD4EBC56A7}"
EndProject
Global
	GlobalSection(SolutionConfigurationPlatforms) = preSolution
		Debug|Any CPU = Debug|Any CPU
		Debug|x64 = Debug|x64
		Debug|x86 = Debug|x86
		Release|Any CPU = Release|Any CPU
		Release|x64 = Release|x64
		Release|x86 = Release|x86
	EndGlobalSection
	GlobalSection(ProjectConfigurationPlatforms) = postSolution
		{9F841B26-8705-44BE-80FD-C09835E6FC25}.Debug|Any CPU.ActiveCfg = Debug|Any CPU
		{9F841B26-8705-44BE-80FD-C09835E6FC25}.Debug|Any CPU.Build.0 = Debug|Any CPU
		{9F841B26-8705-44BE-80FD-C09835E6FC25}.Debug|x64.ActiveCfg = Debug|Any CPU
		{9F841B26-8705-44BE-80FD-C09835E6FC25}.Debug|x64.Build.0 = Debug|Any CPU
		{9F841B26-8705-44BE-80FD-C09835E6FC25}.Debug|x86.ActiveCfg = Debug|Any CPU
		{9F841B26-8705-44BE-80FD-C09835E6FC25}.Debug|x86.Build.0 = Debug|Any CPU
		{9F841B26-8705-44BE-80FD-C09835E6FC25}.Release|Any CPU.ActiveCfg = Release|Any CPU
		{9F841B26-8705-44BE-80FD-C09835E6FC25}.Release|Any CPU.Build.0 = Release|Any CPU
		{9F841B26-8705-44BE-80FD-C09835E6FC25}.Release|x64.ActiveCfg = Release|Any CPU
		{9F841B26-8705-44BE-80FD-C09835E6FC25}.Release|x64.Build.0 = Release|Any CPU
		{9F841B26-8705-44BE-80FD-C09835E6FC25}.Release|x86.ActiveCfg = Release|Any CPU
		{9F841B26-8705-44BE-80FD-C09835E6FC25}.Release|x86.Build.0 = Release|Any CPU
		{370DD3F8-3E5C-42B0-8091-C50E3C9BDB1E}.Debug|Any CPU.ActiveCfg = Debug|Any CPU
		{370DD3F8-3E5C-42B0-8091-C50E3C9BDB1E}.Debug|Any CPU.Build.0 = Debug|Any CPU
		{370DD3F8-3E5C-42B0-8091-C50E3C9BDB1E}.Debug|x64.ActiveCfg = Debug|Any CPU
		{370DD3F8-3E5C-42B0-8091-C50E3C9BDB1E}.Debug|x64.Build.0 = Debug|Any CPU
		{370DD3F8-3E5C-42B0-8091-C50E3C9BDB1E}.Debug|x86.ActiveCfg = Debug|Any CPU
		{370DD3F8-3E5C-42B0-8091-C50E3C9BDB1E}.Debug|x86.Build.0 = Debug|Any CPU
		{370DD3F8-3E5C-42B0-8091-C50E3C9BDB1E}.Release|Any CPU.ActiveCfg = Release|Any CPU
		{370DD3F8-3E5C-42B0-8091-C50E3C9BDB1E}.Release|Any CPU.Build.0 = Release|Any CPU
		{370DD3F8-3E5C-42B0-8091-C50E3C9BDB1E}.Release|x64.ActiveCfg = Release|Any CPU
		{370DD3F8-3E5C-42B0-8091-C50E3C9BDB1E}.Release|x64.Build.0 = Release|Any CPU
		{370DD3F8-3E5C-42B0-8091-C50E3C9BDB1E}.Release|x86.ActiveCfg = Release|Any CPU
		{370DD3F8-3E5C-42B0-8091-C50E3C9BDB1E}.Release|x86.Build.0 = Release|Any CPU
		{043AA7A1-5762-4235-81A3-37AF57CFD7BD}.Debug|Any CPU.ActiveCfg = Debug|Any CPU
		{043AA7A1-5762-4235-81A3-37AF57CFD7BD}.Debug|Any CPU.Build.0 = Debug|Any CPU
		{043AA7A1-5762-4235-81A3-37AF57CFD7BD}.Debug|x64.ActiveCfg = Debug|Any CPU
		{043AA7A1-5762-4235-81A3-37AF57CFD7BD}.Debug|x64.Build.0 = Debug|Any CPU
		{043AA7A1-5762-4235-81A3-37AF57CFD7BD}.Debug|x86.ActiveCfg = Debug|Any CPU
		{043AA7A1-5762-4235-81A3-37AF57CFD7BD}.Debug|x86.Build.0 = Debug|Any CPU
		{043AA7A1-5762-4235-81A3-37AF57CFD7BD}.Release|Any CPU.ActiveCfg = Release|Any CPU
		{043AA7A1-5762-4235-81A3-37AF57CFD7BD}.Release|Any CPU.Build.0 = Release|Any CPU
		{043AA7A1-5762-4235-81A3-37AF57CFD7BD}.Release|x64.ActiveCfg = Release|Any CPU
		{043AA7A1-5762-4235-81A3-37AF57CFD7BD}.Release|x64.Build.0 = Release|Any CPU
		{043AA7A1-5762-4235-81A3-37AF57CFD7BD}.Release|x86.ActiveCfg = Release|Any CPU
		{043AA7A1-5762-4235-81A3-37AF57CFD7BD}.Release|x86.Build.0 = Release|Any CPU
		{9D0FA00E-58D6-40FC-B28C-48AF175CC784}.Debug|Any CPU.ActiveCfg = Debug|Any CPU
		{9D0FA00E-58D6-40FC-B28C-48AF175CC784}.Debug|Any CPU.Build.0 = Debug|Any CPU
		{9D0FA00E-58D6-40FC-B28C-48AF175CC784}.Debug|x64.ActiveCfg = Debug|Any CPU
		{9D0FA00E-58D6-40FC-B28C-48AF175CC784}.Debug|x64.Build.0 = Debug|Any CPU
		{9D0FA00E-58D6-40FC-B28C-48AF175CC784}.Debug|x86.ActiveCfg = Debug|Any CPU
		{9D0FA00E-58D6-40FC-B28C-48AF175CC784}.Debug|x86.Build.0 = Debug|Any CPU
		{9D0FA00E-58D6-40FC-B28C-48AF175CC784}.Release|Any CPU.ActiveCfg = Release|Any CPU
		{9D0FA00E-58D6-40FC-B28C-48AF175CC784}.Release|Any CPU.Build.0 = Release|Any CPU
		{9D0FA00E-58D6-40FC-B28C-48AF175CC784}.Release|x64.ActiveCfg = Release|Any CPU
		{9D0FA00E-58D6-40FC-B28C-48AF175CC784}.Release|x64.Build.0 = Release|Any CPU
		{9D0FA00E-58D6-40FC-B28C-48AF175CC784}.Release|x86.ActiveCfg = Release|Any CPU
		{9D0FA00E-58D6-40FC-B28C-48AF175CC784}.Release|x86.Build.0 = Release|Any CPU
		{5ECE8227-2EAB-4EE1-8507-6A59F8B06F36}.Debug|Any CPU.ActiveCfg = Debug|Any CPU
		{5ECE8227-2EAB-4EE1-8507-6A59F8B06F36}.Debug|Any CPU.Build.0 = Debug|Any CPU
		{5ECE8227-2EAB-4EE1-8507-6A59F8B06F36}.Debug|x64.ActiveCfg = Debug|Any CPU
		{5ECE8227-2EAB-4EE1-8507-6A59F8B06F36}.Debug|x64.Build.0 = Debug|Any CPU
		{5ECE8227-2EAB-4EE1-8507-6A59F8B06F36}.Debug|x86.ActiveCfg = Debug|Any CPU
		{5ECE8227-2EAB-4EE1-8507-6A59F8B06F36}.Debug|x86.Build.0 = Debug|Any CPU
		{5ECE8227-2EAB-4EE1-8507-6A59F8B06F36}.Release|Any CPU.ActiveCfg = Release|Any CPU
		{5ECE8227-2EAB-4EE1-8507-6A59F8B06F36}.Release|Any CPU.Build.0 = Release|Any CPU
		{5ECE8227-2EAB-4EE1-8507-6A59F8B06F36}.Release|x64.ActiveCfg = Release|Any CPU
		{5ECE8227-2EAB-4EE1-8507-6A59F8B06F36}.Release|x64.Build.0 = Release|Any CPU
		{5ECE8227-2EAB-4EE1-8507-6A59F8B06F36}.Release|x86.ActiveCfg = Release|Any CPU
		{5ECE8227-2EAB-4EE1-8507-6A59F8B06F36}.Release|x86.Build.0 = Release|Any CPU
		{FD2FD061-51FD-4045-9770-D8036334B230}.Debug|Any CPU.ActiveCfg = Debug|Any CPU
		{FD2FD061-51FD-4045-9770-D8036334B230}.Debug|Any CPU.Build.0 = Debug|Any CPU
		{FD2FD061-51FD-4045-9770-D8036334B230}.Debug|x64.ActiveCfg = Debug|Any CPU
		{FD2FD061-51FD-4045-9770-D8036334B230}.Debug|x64.Build.0 = Debug|Any CPU
		{FD2FD061-51FD-4045-9770-D8036334B230}.Debug|x86.ActiveCfg = Debug|Any CPU
		{FD2FD061-51FD-4045-9770-D8036334B230}.Debug|x86.Build.0 = Debug|Any CPU
		{FD2FD061-51FD-4045-9770-D8036334B230}.Release|Any CPU.ActiveCfg = Release|Any CPU
		{FD2FD061-51FD-4045-9770-D8036334B230}.Release|Any CPU.Build.0 = Release|Any CPU
		{FD2FD061-51FD-4045-9770-D8036334B230}.Release|x64.ActiveCfg = Release|Any CPU
		{FD2FD061-51FD-4045-9770-D8036334B230}.Release|x64.Build.0 = Release|Any CPU
		{FD2FD061-51FD-4045-9770-D8036334B230}.Release|x86.ActiveCfg = Release|Any CPU
		{FD2FD061-51FD-4045-9770-D8036334B230}.Release|x86.Build.0 = Release|Any CPU
		{2D7E05C2-6515-425B-8484-EBBD4EBC56A7}.Debug|Any CPU.ActiveCfg = Debug|Any CPU
		{2D7E05C2-6515-425B-8484-EBBD4EBC56A7}.Debug|Any CPU.Build.0 = Debug|Any CPU
		{2D7E05C2-6515-425B-8484-EBBD4EBC56A7}.Debug|x64.ActiveCfg = Debug|Any CPU
		{2D7E05C2-6515-425B-8484-EBBD4EBC56A7}.Debug|x64.Build.0 = Debug|Any CPU
		{2D7E05C2-6515-425B-8484-EBBD4EBC56A7}.Debug|x86.ActiveCfg = Debug|Any CPU
		{2D7E05C2-6515-425B-8484-EBBD4EBC56A7}.Debug|x86.Build.0 = Debug|Any CPU
		{2D7E05C2-6515-425B-8484-EBBD4EBC56A7}.Release|Any CPU.ActiveCfg = Release|Any CPU
		{2D7E05C2-6515-425B-8484-EBBD4EBC56A7}.Release|Any CPU.Build.0 = Release|Any CPU
		{2D7E05C2-6515-425B-8484-EBBD4EBC56A7}.Release|x64.ActiveCfg = Release|Any CPU
		{2D7E05C2-6515-425B-8484-EBBD4EBC56A7}.Release|x64.Build.0 = Release|Any CPU
		{2D7E05C2-6515-425B-8484-EBBD4EBC56A7}.Release|x86.ActiveCfg = Release|Any CPU
		{2D7E05C2-6515-425B-8484-EBBD4EBC56A7}.Release|x86.Build.0 = Release|Any CPU
	EndGlobalSection
	GlobalSection(SolutionProperties) = preSolution
		HideSolutionNode = FALSE
	EndGlobalSection
	GlobalSection(NestedProjects) = preSolution
		{9F841B26-8705-44BE-80FD-C09835E6FC25} = {827E0CD3-B72D-47B6-A68D-7590B98EB39B}
		{370DD3F8-3E5C-42B0-8091-C50E3C9BDB1E} = {827E0CD3-B72D-47B6-A68D-7590B98EB39B}
		{043AA7A1-5762-4235-81A3-37AF57CFD7BD} = {827E0CD3-B72D-47B6-A68D-7590B98EB39B}
		{9D0FA00E-58D6-40FC-B28C-48AF175CC784} = {827E0CD3-B72D-47B6-A68D-7590B98EB39B}
		{5ECE8227-2EAB-4EE1-8507-6A59F8B06F36} = {827E0CD3-B72D-47B6-A68D-7590B98EB39B}
		{FD2FD061-51FD-4045-9770-D8036334B230} = {827E0CD3-B72D-47B6-A68D-7590B98EB39B}
		{2D7E05C2-6515-425B-8484-EBBD4EBC56A7} = {827E0CD3-B72D-47B6-A68D-7590B98EB39B}
	EndGlobalSection
EndGlobal
