Microsoft Visual Studio Solution File, Format Version 12.00
# Visual Studio Version 17
VisualStudioVersion = 17.5.2.0
MinimumVisualStudioVersion = 10.0.40219.1
Project("{FAE04EC0-301F-11D3-BF4B-00C04F79EFBC}") = "WNAB.Logic", "WNAB.Logic\WNAB.Logic.csproj", "{573D5BFF-80CC-08A2-BDF3-E90EDED210EC}"
EndProject
Global
	GlobalSection(SolutionConfigurationPlatforms) = preSolution
		Debug|Any CPU = Debug|Any CPU
		Release|Any CPU = Release|Any CPU
	EndGlobalSection
	GlobalSection(ProjectConfigurationPlatforms) = postSolution
		{573D5BFF-80CC-08A2-BDF3-E90EDED210EC}.Debug|Any CPU.ActiveCfg = Debug|Any CPU
		{573D5BFF-80CC-08A2-BDF3-E90EDED210EC}.Debug|Any CPU.Build.0 = Debug|Any CPU
		{573D5BFF-80CC-08A2-BDF3-E90EDED210EC}.Release|Any CPU.ActiveCfg = Release|Any CPU
		{573D5BFF-80CC-08A2-BDF3-E90EDED210EC}.Release|Any CPU.Build.0 = Release|Any CPU
	EndGlobalSection
	GlobalSection(SolutionProperties) = preSolution
		HideSolutionNode = FALSE
	EndGlobalSection
	GlobalSection(ExtensibilityGlobals) = postSolution
		SolutionGuid = {80FBC43D-1ECD-4252-9D0C-72FFCD28EDB2}
	EndGlobalSection
EndGlobal
